
Microsoft Visual Studio Solution File, Format Version 12.00
# Visual Studio Version 17
VisualStudioVersion = 17.6.33815.320
MinimumVisualStudioVersion = 10.0.40219.1
Project("{8BC9CEB8-8B4A-11D0-8D11-00A0C91BC942}") = "lab8", "lab8.vcxproj", "{DFEE0C60-462E-4654-AB01-59347F9FFCDB}"
EndProject
Global
	GlobalSection(SolutionConfigurationPlatforms) = preSolution
		Debug|x64 = Debug|x64
		Debug|x86 = Debug|x86
		Release|x64 = Release|x64
		Release|x86 = Release|x86
	EndGlobalSection
	GlobalSection(ProjectConfigurationPlatforms) = postSolution
		{DFEE0C60-462E-4654-AB01-59347F9FFCDB}.Debug|x64.ActiveCfg = Debug|x64
		{DFEE0C60-462E-4654-AB01-59347F9FFCDB}.Debug|x64.Build.0 = Debug|x64
		{DFEE0C60-462E-4654-AB01-59347F9FFCDB}.Debug|x86.ActiveCfg = Debug|Win32
		{DFEE0C60-462E-4654-AB01-59347F9FFCDB}.Debug|x86.Build.0 = Debug|Win32
		{DFEE0C60-462E-4654-AB01-59347F9FFCDB}.Release|x64.ActiveCfg = Release|x64
		{DFEE0C60-462E-4654-AB01-59347F9FFCDB}.Release|x64.Build.0 = Release|x64
		{DFEE0C60-462E-4654-AB01-59347F9FFCDB}.Release|x86.ActiveCfg = Release|Win32
		{DFEE0C60-462E-4654-AB01-59347F9FFCDB}.Release|x86.Build.0 = Release|Win32
	EndGlobalSection
	GlobalSection(SolutionProperties) = preSolution
		HideSolutionNode = FALSE
	EndGlobalSection
	GlobalSection(ExtensibilityGlobals) = postSolution
		SolutionGuid = {6DA68365-8007-4A8F-8D73-F732F0F8D367}
	EndGlobalSection
EndGlobal
